// !$*UTF8*$!
{
	archiveVersion = 1;
	classes = {
	};
	objectVersion = 46;
	objects = {

/* Begin PBXBuildFile section */
		5C0E44C61B6F0ABF007F116D /* AppDelegate.swift in Sources */ = {isa = PBXBuildFile; fileRef = 5C0E44C51B6F0ABF007F116D /* AppDelegate.swift */; };
		5C0E44C81B6F0ABF007F116D /* ViewController.swift in Sources */ = {isa = PBXBuildFile; fileRef = 5C0E44C71B6F0ABF007F116D /* ViewController.swift */; };
		5C0E44CB1B6F0ABF007F116D /* Main.storyboard in Resources */ = {isa = PBXBuildFile; fileRef = 5C0E44C91B6F0ABF007F116D /* Main.storyboard */; };
		5C0E44CD1B6F0ABF007F116D /* Assets.xcassets in Resources */ = {isa = PBXBuildFile; fileRef = 5C0E44CC1B6F0ABF007F116D /* Assets.xcassets */; };
		5C0E44D01B6F0ABF007F116D /* LaunchScreen.storyboard in Resources */ = {isa = PBXBuildFile; fileRef = 5C0E44CE1B6F0ABF007F116D /* LaunchScreen.storyboard */; };
		5C0E44DB1B6F0ABF007F116D /* FoodTrackerTests.swift in Sources */ = {isa = PBXBuildFile; fileRef = 5C0E44DA1B6F0ABF007F116D /* FoodTrackerTests.swift */; };
		5CC212AB1B7444CC0038A334 /* RatingControl.swift in Sources */ = {isa = PBXBuildFile; fileRef = 5CC212AA1B7444CC0038A334 /* RatingControl.swift */; };
		5CE1596F1B80569A00BAE013 /* Meal.swift in Sources */ = {isa = PBXBuildFile; fileRef = 5CE1596E1B80569A00BAE013 /* Meal.swift */; };
		5CE159701B80569A00BAE013 /* Meal.swift in Sources */ = {isa = PBXBuildFile; fileRef = 5CE1596E1B80569A00BAE013 /* Meal.swift */; };
		5CE159721B818F3D00BAE013 /* MealTableViewCell.swift in Sources */ = {isa = PBXBuildFile; fileRef = 5CE159711B818F3D00BAE013 /* MealTableViewCell.swift */; };
		5CE159731B818F3D00BAE013 /* MealTableViewCell.swift in Sources */ = {isa = PBXBuildFile; fileRef = 5CE159711B818F3D00BAE013 /* MealTableViewCell.swift */; };
		5CF68B211B857CF9009FDA40 /* MealTableViewController.swift in Sources */ = {isa = PBXBuildFile; fileRef = 5CF68B201B857CF9009FDA40 /* MealTableViewController.swift */; };
/* End PBXBuildFile section */

/* Begin PBXContainerItemProxy section */
		5C0E44D71B6F0ABF007F116D /* PBXContainerItemProxy */ = {
			isa = PBXContainerItemProxy;
			containerPortal = 5C0E44BA1B6F0ABF007F116D /* Project object */;
			proxyType = 1;
			remoteGlobalIDString = 5C0E44C11B6F0ABF007F116D;
			remoteInfo = FoodTracker;
		};
/* End PBXContainerItemProxy section */

/* Begin PBXFileReference section */
		5C0E44C21B6F0ABF007F116D /* FoodTracker.app */ = {isa = PBXFileReference; explicitFileType = wrapper.application; includeInIndex = 0; path = FoodTracker.app; sourceTree = BUILT_PRODUCTS_DIR; };
		5C0E44C51B6F0ABF007F116D /* AppDelegate.swift */ = {isa = PBXFileReference; lastKnownFileType = sourcecode.swift; path = AppDelegate.swift; sourceTree = "<group>"; };
		5C0E44C71B6F0ABF007F116D /* ViewController.swift */ = {isa = PBXFileReference; lastKnownFileType = sourcecode.swift; path = ViewController.swift; sourceTree = "<group>"; };
		5C0E44CA1B6F0ABF007F116D /* Base */ = {isa = PBXFileReference; lastKnownFileType = file.storyboard; name = Base; path = Base.lproj/Main.storyboard; sourceTree = "<group>"; };
		5C0E44CC1B6F0ABF007F116D /* Assets.xcassets */ = {isa = PBXFileReference; lastKnownFileType = folder.assetcatalog; path = Assets.xcassets; sourceTree = "<group>"; };
		5C0E44CF1B6F0ABF007F116D /* Base */ = {isa = PBXFileReference; lastKnownFileType = file.storyboard; name = Base; path = Base.lproj/LaunchScreen.storyboard; sourceTree = "<group>"; };
		5C0E44D11B6F0ABF007F116D /* Info.plist */ = {isa = PBXFileReference; lastKnownFileType = text.plist.xml; path = Info.plist; sourceTree = "<group>"; };
		5C0E44D61B6F0ABF007F116D /* FoodTrackerTests.xctest */ = {isa = PBXFileReference; explicitFileType = wrapper.cfbundle; includeInIndex = 0; path = FoodTrackerTests.xctest; sourceTree = BUILT_PRODUCTS_DIR; };
		5C0E44DA1B6F0ABF007F116D /* FoodTrackerTests.swift */ = {isa = PBXFileReference; lastKnownFileType = sourcecode.swift; path = FoodTrackerTests.swift; sourceTree = "<group>"; };
		5C0E44DC1B6F0ABF007F116D /* Info.plist */ = {isa = PBXFileReference; lastKnownFileType = text.plist.xml; path = Info.plist; sourceTree = "<group>"; };
		5CC212AA1B7444CC0038A334 /* RatingControl.swift */ = {isa = PBXFileReference; fileEncoding = 4; lastKnownFileType = sourcecode.swift; path = RatingControl.swift; sourceTree = "<group>"; };
		5CE1596E1B80569A00BAE013 /* Meal.swift */ = {isa = PBXFileReference; fileEncoding = 4; lastKnownFileType = sourcecode.swift; path = Meal.swift; sourceTree = "<group>"; };
		5CE159711B818F3D00BAE013 /* MealTableViewCell.swift */ = {isa = PBXFileReference; fileEncoding = 4; lastKnownFileType = sourcecode.swift; path = MealTableViewCell.swift; sourceTree = "<group>"; };
		5CF68B201B857CF9009FDA40 /* MealTableViewController.swift */ = {isa = PBXFileReference; fileEncoding = 4; lastKnownFileType = sourcecode.swift; path = MealTableViewController.swift; sourceTree = "<group>"; };
/* End PBXFileReference section */

/* Begin PBXFrameworksBuildPhase section */
		5C0E44BF1B6F0ABF007F116D /* Frameworks */ = {
			isa = PBXFrameworksBuildPhase;
			buildActionMask = 2147483647;
			files = (
			);
			runOnlyForDeploymentPostprocessing = 0;
		};
		5C0E44D31B6F0ABF007F116D /* Frameworks */ = {
			isa = PBXFrameworksBuildPhase;
			buildActionMask = 2147483647;
			files = (
			);
			runOnlyForDeploymentPostprocessing = 0;
		};
/* End PBXFrameworksBuildPhase section */

/* Begin PBXGroup section */
		5C0E44B91B6F0ABF007F116D = {
			isa = PBXGroup;
			children = (
				5C0E44C41B6F0ABF007F116D /* FoodTracker */,
				5C0E44D91B6F0ABF007F116D /* FoodTrackerTests */,
				5C0E44C31B6F0ABF007F116D /* Products */,
			);
			sourceTree = "<group>";
		};
		5C0E44C31B6F0ABF007F116D /* Products */ = {
			isa = PBXGroup;
			children = (
				5C0E44C21B6F0ABF007F116D /* FoodTracker.app */,
				5C0E44D61B6F0ABF007F116D /* FoodTrackerTests.xctest */,
			);
			name = Products;
			sourceTree = "<group>";
		};
		5C0E44C41B6F0ABF007F116D /* FoodTracker */ = {
			isa = PBXGroup;
			children = (
				5C0E44C51B6F0ABF007F116D /* AppDelegate.swift */,
				5C0E44C71B6F0ABF007F116D /* ViewController.swift */,
				5CE1596E1B80569A00BAE013 /* Meal.swift */,
				5CC212AA1B7444CC0038A334 /* RatingControl.swift */,
				5C0E44C91B6F0ABF007F116D /* Main.storyboard */,
				5CF68B201B857CF9009FDA40 /* MealTableViewController.swift */,
				5CE159711B818F3D00BAE013 /* MealTableViewCell.swift */,
				5C0E44CC1B6F0ABF007F116D /* Assets.xcassets */,
				5C0E44CE1B6F0ABF007F116D /* LaunchScreen.storyboard */,
				5C0E44D11B6F0ABF007F116D /* Info.plist */,
			);
			path = FoodTracker;
			sourceTree = "<group>";
		};
		5C0E44D91B6F0ABF007F116D /* FoodTrackerTests */ = {
			isa = PBXGroup;
			children = (
				5C0E44DA1B6F0ABF007F116D /* FoodTrackerTests.swift */,
				5C0E44DC1B6F0ABF007F116D /* Info.plist */,
			);
			path = FoodTrackerTests;
			sourceTree = "<group>";
		};
/* End PBXGroup section */

/* Begin PBXNativeTarget section */
		5C0E44C11B6F0ABF007F116D /* FoodTracker */ = {
			isa = PBXNativeTarget;
			buildConfigurationList = 5C0E44DF1B6F0ABF007F116D /* Build configuration list for PBXNativeTarget "FoodTracker" */;
			buildPhases = (
				5C0E44BE1B6F0ABF007F116D /* Sources */,
				5C0E44BF1B6F0ABF007F116D /* Frameworks */,
				5C0E44C01B6F0ABF007F116D /* Resources */,
			);
			buildRules = (
			);
			dependencies = (
			);
			name = FoodTracker;
			productName = FoodTracker;
			productReference = 5C0E44C21B6F0ABF007F116D /* FoodTracker.app */;
			productType = "com.apple.product-type.application";
		};
		5C0E44D51B6F0ABF007F116D /* FoodTrackerTests */ = {
			isa = PBXNativeTarget;
			buildConfigurationList = 5C0E44E21B6F0ABF007F116D /* Build configuration list for PBXNativeTarget "FoodTrackerTests" */;
			buildPhases = (
				5C0E44D21B6F0ABF007F116D /* Sources */,
				5C0E44D31B6F0ABF007F116D /* Frameworks */,
				5C0E44D41B6F0ABF007F116D /* Resources */,
			);
			buildRules = (
			);
			dependencies = (
				5C0E44D81B6F0ABF007F116D /* PBXTargetDependency */,
			);
			name = FoodTrackerTests;
			productName = FoodTrackerTests;
			productReference = 5C0E44D61B6F0ABF007F116D /* FoodTrackerTests.xctest */;
			productType = "com.apple.product-type.bundle.unit-test";
		};
/* End PBXNativeTarget section */

/* Begin PBXProject section */
		5C0E44BA1B6F0ABF007F116D /* Project object */ = {
			isa = PBXProject;
			attributes = {
				LastUpgradeCheck = 0700;
				ORGANIZATIONNAME = "Tiago Guedes";
				TargetAttributes = {
					5C0E44C11B6F0ABF007F116D = {
						CreatedOnToolsVersion = 7.0;
					};
					5C0E44D51B6F0ABF007F116D = {
						CreatedOnToolsVersion = 7.0;
						TestTargetID = 5C0E44C11B6F0ABF007F116D;
					};
				};
			};
			buildConfigurationList = 5C0E44BD1B6F0ABF007F116D /* Build configuration list for PBXProject "FoodTracker" */;
			compatibilityVersion = "Xcode 3.2";
			developmentRegion = English;
			hasScannedForEncodings = 0;
			knownRegions = (
				en,
				Base,
			);
			mainGroup = 5C0E44B91B6F0ABF007F116D;
			productRefGroup = 5C0E44C31B6F0ABF007F116D /* Products */;
			projectDirPath = "";
			projectRoot = "";
			targets = (
				5C0E44C11B6F0ABF007F116D /* FoodTracker */,
				5C0E44D51B6F0ABF007F116D /* FoodTrackerTests */,
			);
		};
/* End PBXProject section */

/* Begin PBXResourcesBuildPhase section */
		5C0E44C01B6F0ABF007F116D /* Resources */ = {
			isa = PBXResourcesBuildPhase;
			buildActionMask = 2147483647;
			files = (
				5C0E44D01B6F0ABF007F116D /* LaunchScreen.storyboard in Resources */,
				5C0E44CD1B6F0ABF007F116D /* Assets.xcassets in Resources */,
				5C0E44CB1B6F0ABF007F116D /* Main.storyboard in Resources */,
			);
			runOnlyForDeploymentPostprocessing = 0;
		};
		5C0E44D41B6F0ABF007F116D /* Resources */ = {
			isa = PBXResourcesBuildPhase;
			buildActionMask = 2147483647;
			files = (
			);
			runOnlyForDeploymentPostprocessing = 0;
		};
/* End PBXResourcesBuildPhase section */

/* Begin PBXSourcesBuildPhase section */
		5C0E44BE1B6F0ABF007F116D /* Sources */ = {
			isa = PBXSourcesBuildPhase;
			buildActionMask = 2147483647;
			files = (
				5CE1596F1B80569A00BAE013 /* Meal.swift in Sources */,
				5C0E44C81B6F0ABF007F116D /* ViewController.swift in Sources */,
				5CC212AB1B7444CC0038A334 /* RatingControl.swift in Sources */,
				5C0E44C61B6F0ABF007F116D /* AppDelegate.swift in Sources */,
				5CF68B211B857CF9009FDA40 /* MealTableViewController.swift in Sources */,
				5CE159721B818F3D00BAE013 /* MealTableViewCell.swift in Sources */,
			);
			runOnlyForDeploymentPostprocessing = 0;
		};
		5C0E44D21B6F0ABF007F116D /* Sources */ = {
			isa = PBXSourcesBuildPhase;
			buildActionMask = 2147483647;
			files = (
				5CE159701B80569A00BAE013 /* Meal.swift in Sources */,
				5C0E44DB1B6F0ABF007F116D /* FoodTrackerTests.swift in Sources */,
				5CE159731B818F3D00BAE013 /* MealTableViewCell.swift in Sources */,
			);
			runOnlyForDeploymentPostprocessing = 0;
		};
/* End PBXSourcesBuildPhase section */

/* Begin PBXTargetDependency section */
		5C0E44D81B6F0ABF007F116D /* PBXTargetDependency */ = {
			isa = PBXTargetDependency;
			target = 5C0E44C11B6F0ABF007F116D /* FoodTracker */;
			targetProxy = 5C0E44D71B6F0ABF007F116D /* PBXContainerItemProxy */;
		};
/* End PBXTargetDependency section */

/* Begin PBXVariantGroup section */
		5C0E44C91B6F0ABF007F116D /* Main.storyboard */ = {
			isa = PBXVariantGroup;
			children = (
				5C0E44CA1B6F0ABF007F116D /* Base */,
			);
			name = Main.storyboard;
			sourceTree = "<group>";
		};
		5C0E44CE1B6F0ABF007F116D /* LaunchScreen.storyboard */ = {
			isa = PBXVariantGroup;
			children = (
				5C0E44CF1B6F0ABF007F116D /* Base */,
			);
			name = LaunchScreen.storyboard;
			sourceTree = "<group>";
		};
/* End PBXVariantGroup section */

/* Begin XCBuildConfiguration section */
		5C0E44DD1B6F0ABF007F116D /* Debug */ = {
			isa = XCBuildConfiguration;
			buildSettings = {
				ALWAYS_SEARCH_USER_PATHS = NO;
				CLANG_CXX_LANGUAGE_STANDARD = "gnu++0x";
				CLANG_CXX_LIBRARY = "libc++";
				CLANG_ENABLE_MODULES = YES;
				CLANG_ENABLE_OBJC_ARC = YES;
				CLANG_WARN_BOOL_CONVERSION = YES;
				CLANG_WARN_CONSTANT_CONVERSION = YES;
				CLANG_WARN_DIRECT_OBJC_ISA_USAGE = YES_ERROR;
				CLANG_WARN_EMPTY_BODY = YES;
				CLANG_WARN_ENUM_CONVERSION = YES;
				CLANG_WARN_INT_CONVERSION = YES;
				CLANG_WARN_OBJC_ROOT_CLASS = YES_ERROR;
				CLANG_WARN_UNREACHABLE_CODE = YES;
				CLANG_WARN__DUPLICATE_METHOD_MATCH = YES;
				"CODE_SIGN_IDENTITY[sdk=iphoneos*]" = "iPhone Developer";
				COPY_PHASE_STRIP = NO;
				DEBUG_INFORMATION_FORMAT = dwarf;
				ENABLE_STRICT_OBJC_MSGSEND = YES;
				ENABLE_TESTABILITY = YES;
				GCC_C_LANGUAGE_STANDARD = gnu99;
				GCC_DYNAMIC_NO_PIC = NO;
				GCC_NO_COMMON_BLOCKS = YES;
				GCC_OPTIMIZATION_LEVEL = 0;
				GCC_PREPROCESSOR_DEFINITIONS = (
					"DEBUG=1",
					"$(inherited)",
				);
				GCC_WARN_64_TO_32_BIT_CONVERSION = YES;
				GCC_WARN_ABOUT_RETURN_TYPE = YES_ERROR;
				GCC_WARN_UNDECLARED_SELECTOR = YES;
				GCC_WARN_UNINITIALIZED_AUTOS = YES_AGGRESSIVE;
				GCC_WARN_UNUSED_FUNCTION = YES;
				GCC_WARN_UNUSED_VARIABLE = YES;
				IPHONEOS_DEPLOYMENT_TARGET = 9.0;
				MTL_ENABLE_DEBUG_INFO = YES;
				ONLY_ACTIVE_ARCH = YES;
				SDKROOT = iphoneos;
				SWIFT_OPTIMIZATION_LEVEL = "-Onone";
				TARGETED_DEVICE_FAMILY = "1,2";
			};
			name = Debug;
		};
		5C0E44DE1B6F0ABF007F116D /* Release */ = {
			isa = XCBuildConfiguration;
			buildSettings = {
				ALWAYS_SEARCH_USER_PATHS = NO;
				CLANG_CXX_LANGUAGE_STANDARD = "gnu++0x";
				CLANG_CXX_LIBRARY = "libc++";
				CLANG_ENABLE_MODULES = YES;
				CLANG_ENABLE_OBJC_ARC = YES;
				CLANG_WARN_BOOL_CONVERSION = YES;
				CLANG_WARN_CONSTANT_CONVERSION = YES;
				CLANG_WARN_DIRECT_OBJC_ISA_USAGE = YES_ERROR;
				CLANG_WARN_EMPTY_BODY = YES;
				CLANG_WARN_ENUM_CONVERSION = YES;
				CLANG_WARN_INT_CONVERSION = YES;
				CLANG_WARN_OBJC_ROOT_CLASS = YES_ERROR;
				CLANG_WARN_UNREACHABLE_CODE = YES;
				CLANG_WARN__DUPLICATE_METHOD_MATCH = YES;
				"CODE_SIGN_IDENTITY[sdk=iphoneos*]" = "iPhone Developer";
				COPY_PHASE_STRIP = NO;
				DEBUG_INFORMATION_FORMAT = "dwarf-with-dsym";
				ENABLE_NS_ASSERTIONS = NO;
				ENABLE_STRICT_OBJC_MSGSEND = YES;
				GCC_C_LANGUAGE_STANDARD = gnu99;
				GCC_NO_COMMON_BLOCKS = YES;
				GCC_WARN_64_TO_32_BIT_CONVERSION = YES;
				GCC_WARN_ABOUT_RETURN_TYPE = YES_ERROR;
				GCC_WARN_UNDECLARED_SELECTOR = YES;
				GCC_WARN_UNINITIALIZED_AUTOS = YES_AGGRESSIVE;
				GCC_WARN_UNUSED_FUNCTION = YES;
				GCC_WARN_UNUSED_VARIABLE = YES;
				IPHONEOS_DEPLOYMENT_TARGET = 9.0;
				MTL_ENABLE_DEBUG_INFO = NO;
				SDKROOT = iphoneos;
				TARGETED_DEVICE_FAMILY = "1,2";
				VALIDATE_PRODUCT = YES;
			};
			name = Release;
		};
		5C0E44E01B6F0ABF007F116D /* Debug */ = {
			isa = XCBuildConfiguration;
			buildSettings = {
				ASSETCATALOG_COMPILER_APPICON_NAME = AppIcon;
				INFOPLIST_FILE = FoodTracker/Info.plist;
				LD_RUNPATH_SEARCH_PATHS = "$(inherited) @executable_path/Frameworks";
				PRODUCT_BUNDLE_IDENTIFIER = Foobar.FoodTracker;
				PRODUCT_NAME = "$(TARGET_NAME)";
			};
			name = Debug;
		};
		5C0E44E11B6F0ABF007F116D /* Release */ = {
			isa = XCBuildConfiguration;
			buildSettings = {
				ASSETCATALOG_COMPILER_APPICON_NAME = AppIcon;
				INFOPLIST_FILE = FoodTracker/Info.plist;
				LD_RUNPATH_SEARCH_PATHS = "$(inherited) @executable_path/Frameworks";
				PRODUCT_BUNDLE_IDENTIFIER = Foobar.FoodTracker;
				PRODUCT_NAME = "$(TARGET_NAME)";
			};
			name = Release;
		};
		5C0E44E31B6F0ABF007F116D /* Debug */ = {
			isa = XCBuildConfiguration;
			buildSettings = {
				BUNDLE_LOADER = "$(TEST_HOST)";
				INFOPLIST_FILE = FoodTrackerTests/Info.plist;
				LD_RUNPATH_SEARCH_PATHS = "$(inherited) @executable_path/Frameworks @loader_path/Frameworks";
				PRODUCT_BUNDLE_IDENTIFIER = Foobar.FoodTrackerTests;
				PRODUCT_NAME = "$(TARGET_NAME)";
				TEST_HOST = "$(BUILT_PRODUCTS_DIR)/FoodTracker.app/FoodTracker";
			};
			name = Debug;
		};
		5C0E44E41B6F0ABF007F116D /* Release */ = {
			isa = XCBuildConfiguration;
			buildSettings = {
				BUNDLE_LOADER = "$(TEST_HOST)";
				INFOPLIST_FILE = FoodTrackerTests/Info.plist;
				LD_RUNPATH_SEARCH_PATHS = "$(inherited) @executable_path/Frameworks @loader_path/Frameworks";
				PRODUCT_BUNDLE_IDENTIFIER = Foobar.FoodTrackerTests;
				PRODUCT_NAME = "$(TARGET_NAME)";
				TEST_HOST = "$(BUILT_PRODUCTS_DIR)/FoodTracker.app/FoodTracker";
			};
			name = Release;
		};
/* End XCBuildConfiguration section */

/* Begin XCConfigurationList section */
		5C0E44BD1B6F0ABF007F116D /* Build configuration list for PBXProject "FoodTracker" */ = {
			isa = XCConfigurationList;
			buildConfigurations = (
				5C0E44DD1B6F0ABF007F116D /* Debug */,
				5C0E44DE1B6F0ABF007F116D /* Release */,
			);
			defaultConfigurationIsVisible = 0;
			defaultConfigurationName = Release;
		};
		5C0E44DF1B6F0ABF007F116D /* Build configuration list for PBXNativeTarget "FoodTracker" */ = {
			isa = XCConfigurationList;
			buildConfigurations = (
				5C0E44E01B6F0ABF007F116D /* Debug */,
				5C0E44E11B6F0ABF007F116D /* Release */,
			);
			defaultConfigurationIsVisible = 0;
			defaultConfigurationName = Release;
		};
		5C0E44E21B6F0ABF007F116D /* Build configuration list for PBXNativeTarget "FoodTrackerTests" */ = {
			isa = XCConfigurationList;
			buildConfigurations = (
				5C0E44E31B6F0ABF007F116D /* Debug */,
				5C0E44E41B6F0ABF007F116D /* Release */,
			);
			defaultConfigurationIsVisible = 0;
			defaultConfigurationName = Release;
		};
/* End XCConfigurationList section */
	};
	rootObject = 5C0E44BA1B6F0ABF007F116D /* Project object */;
}
